
Microsoft Visual Studio Solution File, Format Version 12.00
# Visual Studio Version 17
VisualStudioVersion = 17.7.34221.43
MinimumVisualStudioVersion = 10.0.40219.1
Project("{9A19103F-16F7-4668-BE54-9A1E7A4F7556}") = "bordroPlus", "bordroPlus\bordroPlus.csproj", "{30BC2D95-112E-4ED3-BE6E-DA78FCC9833B}"
EndProject
Project("{2150E333-8FDC-42A3-9474-1A3956D46DE8}") = "01-Core", "01-Core", "{A7DEEBBD-81D2-4A2C-9253-8FFB97ECBD47}"
EndProject
Project("{2150E333-8FDC-42A3-9474-1A3956D46DE8}") = "03-Engine", "03-Engine", "{6CFB28B4-0FAA-45A0-9690-C7562E1DA5C5}"
EndProject
Project("{2150E333-8FDC-42A3-9474-1A3956D46DE8}") = "04-API", "04-API", "{E8A272C9-F777-47BC-A946-9B07C8DD7C1A}"
EndProject
Project("{9A19103F-16F7-4668-BE54-9A1E7A4F7556}") = "bP.Core", "bP.Core\bP.Core.csproj", "{57DD6E32-D02D-485F-B6F5-B3AC8277B797}"
EndProject
Project("{2150E333-8FDC-42A3-9474-1A3956D46DE8}") = "02-Data", "02-Data", "{E883BC62-5590-451F-900E-6FC3C71590F5}"
EndProject
Project("{9A19103F-16F7-4668-BE54-9A1E7A4F7556}") = "bP.Data", "bP.Data\bP.Data.csproj", "{3DC8B69A-33C2-47BA-8F77-616A26D56D7D}"
EndProject
Project("{9A19103F-16F7-4668-BE54-9A1E7A4F7556}") = "bP.Engine", "bP.Engine\bP.Engine.csproj", "{CFC4AAA4-F4BC-4063-B888-1247426C503A}"
EndProject
Project("{9A19103F-16F7-4668-BE54-9A1E7A4F7556}") = "bp.Engine.Contract", "bp.Engine.Contract\bp.Engine.Contract.csproj", "{EA6CBABB-31A5-467F-A3E8-66BE87A54BCA}"
EndProject
Project("{9A19103F-16F7-4668-BE54-9A1E7A4F7556}") = "bP.Data.Contract", "bP.Data.Contract\bP.Data.Contract.csproj", "{D3A85D53-76D3-45E6-918D-EFA0D5178932}"
EndProject
Project("{FAE04EC0-301F-11D3-BF4B-00C04F79EFBC}") = "bP.Core.Contract", "bP.Core.Contract\bP.Core.Contract.csproj", "{AB3FFC89-E658-49E5-ABD6-B6B49DFB256E}"
EndProject
Global
	GlobalSection(SolutionConfigurationPlatforms) = preSolution
		Debug|Any CPU = Debug|Any CPU
		Release|Any CPU = Release|Any CPU
	EndGlobalSection
	GlobalSection(ProjectConfigurationPlatforms) = postSolution
		{30BC2D95-112E-4ED3-BE6E-DA78FCC9833B}.Debug|Any CPU.ActiveCfg = Debug|Any CPU
		{30BC2D95-112E-4ED3-BE6E-DA78FCC9833B}.Debug|Any CPU.Build.0 = Debug|Any CPU
		{30BC2D95-112E-4ED3-BE6E-DA78FCC9833B}.Release|Any CPU.ActiveCfg = Release|Any CPU
		{30BC2D95-112E-4ED3-BE6E-DA78FCC9833B}.Release|Any CPU.Build.0 = Release|Any CPU
		{57DD6E32-D02D-485F-B6F5-B3AC8277B797}.Debug|Any CPU.ActiveCfg = Debug|Any CPU
		{57DD6E32-D02D-485F-B6F5-B3AC8277B797}.Debug|Any CPU.Build.0 = Debug|Any CPU
		{57DD6E32-D02D-485F-B6F5-B3AC8277B797}.Release|Any CPU.ActiveCfg = Release|Any CPU
		{57DD6E32-D02D-485F-B6F5-B3AC8277B797}.Release|Any CPU.Build.0 = Release|Any CPU
		{3DC8B69A-33C2-47BA-8F77-616A26D56D7D}.Debug|Any CPU.ActiveCfg = Debug|Any CPU
		{3DC8B69A-33C2-47BA-8F77-616A26D56D7D}.Debug|Any CPU.Build.0 = Debug|Any CPU
		{3DC8B69A-33C2-47BA-8F77-616A26D56D7D}.Release|Any CPU.ActiveCfg = Release|Any CPU
		{3DC8B69A-33C2-47BA-8F77-616A26D56D7D}.Release|Any CPU.Build.0 = Release|Any CPU
		{CFC4AAA4-F4BC-4063-B888-1247426C503A}.Debug|Any CPU.ActiveCfg = Debug|Any CPU
		{CFC4AAA4-F4BC-4063-B888-1247426C503A}.Debug|Any CPU.Build.0 = Debug|Any CPU
		{CFC4AAA4-F4BC-4063-B888-1247426C503A}.Release|Any CPU.ActiveCfg = Release|Any CPU
		{CFC4AAA4-F4BC-4063-B888-1247426C503A}.Release|Any CPU.Build.0 = Release|Any CPU
		{EA6CBABB-31A5-467F-A3E8-66BE87A54BCA}.Debug|Any CPU.ActiveCfg = Debug|Any CPU
		{EA6CBABB-31A5-467F-A3E8-66BE87A54BCA}.Debug|Any CPU.Build.0 = Debug|Any CPU
		{EA6CBABB-31A5-467F-A3E8-66BE87A54BCA}.Release|Any CPU.ActiveCfg = Release|Any CPU
		{EA6CBABB-31A5-467F-A3E8-66BE87A54BCA}.Release|Any CPU.Build.0 = Release|Any CPU
		{D3A85D53-76D3-45E6-918D-EFA0D5178932}.Debug|Any CPU.ActiveCfg = Debug|Any CPU
		{D3A85D53-76D3-45E6-918D-EFA0D5178932}.Debug|Any CPU.Build.0 = Debug|Any CPU
		{D3A85D53-76D3-45E6-918D-EFA0D5178932}.Release|Any CPU.ActiveCfg = Release|Any CPU
		{D3A85D53-76D3-45E6-918D-EFA0D5178932}.Release|Any CPU.Build.0 = Release|Any CPU
		{AB3FFC89-E658-49E5-ABD6-B6B49DFB256E}.Debug|Any CPU.ActiveCfg = Debug|Any CPU
		{AB3FFC89-E658-49E5-ABD6-B6B49DFB256E}.Debug|Any CPU.Build.0 = Debug|Any CPU
		{AB3FFC89-E658-49E5-ABD6-B6B49DFB256E}.Release|Any CPU.ActiveCfg = Release|Any CPU
		{AB3FFC89-E658-49E5-ABD6-B6B49DFB256E}.Release|Any CPU.Build.0 = Release|Any CPU
	EndGlobalSection
	GlobalSection(SolutionProperties) = preSolution
		HideSolutionNode = FALSE
	EndGlobalSection
	GlobalSection(NestedProjects) = preSolution
		{30BC2D95-112E-4ED3-BE6E-DA78FCC9833B} = {E8A272C9-F777-47BC-A946-9B07C8DD7C1A}
		{57DD6E32-D02D-485F-B6F5-B3AC8277B797} = {A7DEEBBD-81D2-4A2C-9253-8FFB97ECBD47}
		{3DC8B69A-33C2-47BA-8F77-616A26D56D7D} = {E883BC62-5590-451F-900E-6FC3C71590F5}
		{CFC4AAA4-F4BC-4063-B888-1247426C503A} = {6CFB28B4-0FAA-45A0-9690-C7562E1DA5C5}
		{EA6CBABB-31A5-467F-A3E8-66BE87A54BCA} = {6CFB28B4-0FAA-45A0-9690-C7562E1DA5C5}
		{D3A85D53-76D3-45E6-918D-EFA0D5178932} = {E883BC62-5590-451F-900E-6FC3C71590F5}
		{AB3FFC89-E658-49E5-ABD6-B6B49DFB256E} = {A7DEEBBD-81D2-4A2C-9253-8FFB97ECBD47}
	EndGlobalSection
	GlobalSection(ExtensibilityGlobals) = postSolution
		SolutionGuid = {5DAE0E67-3D34-47FC-9453-65C63212FF19}
	EndGlobalSection
EndGlobal
